// !$*UTF8*$!
{
	archiveVersion = 1;
	classes = {
	};
	objectVersion = 46;
	objects = {

/* Begin PBXBuildFile section */
		ECE670CC1AB25859004DE8DA /* main.cpp in Sources */ = {isa = PBXBuildFile; fileRef = ECE670CB1AB25859004DE8DA /* main.cpp */; };
		ECE670D41AB25884004DE8DA /* Complex.cpp in Sources */ = {isa = PBXBuildFile; fileRef = ECE670D21AB25884004DE8DA /* Complex.cpp */; };
		ECE670D71AB258FB004DE8DA /* Invalid_Mode1_Complex_Value.cpp in Sources */ = {isa = PBXBuildFile; fileRef = ECE670D51AB258FB004DE8DA /* Invalid_Mode1_Complex_Value.cpp */; };
		ECE670DA1AB2599C004DE8DA /* Invalid_Mode2_Complex_Value.cpp in Sources */ = {isa = PBXBuildFile; fileRef = ECE670D81AB2599C004DE8DA /* Invalid_Mode2_Complex_Value.cpp */; };
/* End PBXBuildFile section */

/* Begin PBXCopyFilesBuildPhase section */
		ECE670C61AB25859004DE8DA /* CopyFiles */ = {
			isa = PBXCopyFilesBuildPhase;
			buildActionMask = 2147483647;
			dstPath = /usr/share/man/man1/;
			dstSubfolderSpec = 0;
			files = (
			);
			runOnlyForDeploymentPostprocessing = 1;
		};
/* End PBXCopyFilesBuildPhase section */

/* Begin PBXFileReference section */
		ECE670C81AB25859004DE8DA /* Assignment06 */ = {isa = PBXFileReference; explicitFileType = "compiled.mach-o.executable"; includeInIndex = 0; path = Assignment06; sourceTree = BUILT_PRODUCTS_DIR; };
		ECE670CB1AB25859004DE8DA /* main.cpp */ = {isa = PBXFileReference; lastKnownFileType = sourcecode.cpp.cpp; path = main.cpp; sourceTree = "<group>"; };
		ECE670D21AB25884004DE8DA /* Complex.cpp */ = {isa = PBXFileReference; fileEncoding = 4; lastKnownFileType = sourcecode.cpp.cpp; path = Complex.cpp; sourceTree = "<group>"; };
		ECE670D31AB25884004DE8DA /* Complex.h */ = {isa = PBXFileReference; fileEncoding = 4; lastKnownFileType = sourcecode.c.h; path = Complex.h; sourceTree = "<group>"; };
		ECE670D51AB258FB004DE8DA /* Invalid_Mode1_Complex_Value.cpp */ = {isa = PBXFileReference; fileEncoding = 4; lastKnownFileType = sourcecode.cpp.cpp; path = Invalid_Mode1_Complex_Value.cpp; sourceTree = "<group>"; };
		ECE670D61AB258FB004DE8DA /* Invalid_Mode1_Complex_Value.h */ = {isa = PBXFileReference; fileEncoding = 4; lastKnownFileType = sourcecode.c.h; path = Invalid_Mode1_Complex_Value.h; sourceTree = "<group>"; };
		ECE670D81AB2599C004DE8DA /* Invalid_Mode2_Complex_Value.cpp */ = {isa = PBXFileReference; fileEncoding = 4; lastKnownFileType = sourcecode.cpp.cpp; path = Invalid_Mode2_Complex_Value.cpp; sourceTree = "<group>"; };
		ECE670D91AB2599C004DE8DA /* Invalid_Mode2_Complex_Value.h */ = {isa = PBXFileReference; fileEncoding = 4; lastKnownFileType = sourcecode.c.h; path = Invalid_Mode2_Complex_Value.h; sourceTree = "<group>"; };
/* End PBXFileReference section */

/* Begin PBXFrameworksBuildPhase section */
		ECE670C51AB25859004DE8DA /* Frameworks */ = {
			isa = PBXFrameworksBuildPhase;
			buildActionMask = 2147483647;
			files = (
			);
			runOnlyForDeploymentPostprocessing = 0;
		};
/* End PBXFrameworksBuildPhase section */

/* Begin PBXGroup section */
		ECE670BF1AB25859004DE8DA = {
			isa = PBXGroup;
			children = (
				ECE670CA1AB25859004DE8DA /* Assignment06 */,
				ECE670C91AB25859004DE8DA /* Products */,
			);
			sourceTree = "<group>";
		};
		ECE670C91AB25859004DE8DA /* Products */ = {
			isa = PBXGroup;
			children = (
				ECE670C81AB25859004DE8DA /* Assignment06 */,
			);
			name = Products;
			sourceTree = "<group>";
		};
		ECE670CA1AB25859004DE8DA /* Assignment06 */ = {
			isa = PBXGroup;
			children = (
				ECE670CB1AB25859004DE8DA /* main.cpp */,
				ECE670D21AB25884004DE8DA /* Complex.cpp */,
				ECE670D31AB25884004DE8DA /* Complex.h */,
				ECE670D51AB258FB004DE8DA /* Invalid_Mode1_Complex_Value.cpp */,
				ECE670D61AB258FB004DE8DA /* Invalid_Mode1_Complex_Value.h */,
				ECE670D81AB2599C004DE8DA /* Invalid_Mode2_Complex_Value.cpp */,
				ECE670D91AB2599C004DE8DA /* Invalid_Mode2_Complex_Value.h */,
			);
			path = Assignment06;
			sourceTree = "<group>";
		};
/* End PBXGroup section */

/* Begin PBXNativeTarget section */
		ECE670C71AB25859004DE8DA /* Assignment06 */ = {
			isa = PBXNativeTarget;
			buildConfigurationList = ECE670CF1AB25859004DE8DA /* Build configuration list for PBXNativeTarget "Assignment06" */;
			buildPhases = (
				ECE670C41AB25859004DE8DA /* Sources */,
				ECE670C51AB25859004DE8DA /* Frameworks */,
				ECE670C61AB25859004DE8DA /* CopyFiles */,
			);
			buildRules = (
			);
			dependencies = (
			);
			name = Assignment06;
			productName = Assignment06;
			productReference = ECE670C81AB25859004DE8DA /* Assignment06 */;
			productType = "com.apple.product-type.tool";
		};
/* End PBXNativeTarget section */

/* Begin PBXProject section */
		ECE670C01AB25859004DE8DA /* Project object */ = {
			isa = PBXProject;
			attributes = {
				LastUpgradeCheck = 0620;
				ORGANIZATIONNAME = pamaral;
				TargetAttributes = {
					ECE670C71AB25859004DE8DA = {
						CreatedOnToolsVersion = 6.2;
					};
				};
			};
			buildConfigurationList = ECE670C31AB25859004DE8DA /* Build configuration list for PBXProject "Assignment06" */;
			compatibilityVersion = "Xcode 3.2";
			developmentRegion = English;
			hasScannedForEncodings = 0;
			knownRegions = (
				en,
			);
			mainGroup = ECE670BF1AB25859004DE8DA;
			productRefGroup = ECE670C91AB25859004DE8DA /* Products */;
			projectDirPath = "";
			projectRoot = "";
			targets = (
				ECE670C71AB25859004DE8DA /* Assignment06 */,
			);
		};
/* End PBXProject section */

/* Begin PBXSourcesBuildPhase section */
		ECE670C41AB25859004DE8DA /* Sources */ = {
			isa = PBXSourcesBuildPhase;
			buildActionMask = 2147483647;
			files = (
				ECE670DA1AB2599C004DE8DA /* Invalid_Mode2_Complex_Value.cpp in Sources */,
				ECE670D71AB258FB004DE8DA /* Invalid_Mode1_Complex_Value.cpp in Sources */,
				ECE670D41AB25884004DE8DA /* Complex.cpp in Sources */,
				ECE670CC1AB25859004DE8DA /* main.cpp in Sources */,
			);
			runOnlyForDeploymentPostprocessing = 0;
		};
/* End PBXSourcesBuildPhase section */

/* Begin XCBuildConfiguration section */
		ECE670CD1AB25859004DE8DA /* Debug */ = {
			isa = XCBuildConfiguration;
			buildSettings = {
				ALWAYS_SEARCH_USER_PATHS = NO;
				CLANG_CXX_LANGUAGE_STANDARD = "gnu++0x";
				CLANG_CXX_LIBRARY = "libc++";
				CLANG_ENABLE_MODULES = YES;
				CLANG_ENABLE_OBJC_ARC = YES;
				CLANG_WARN_BOOL_CONVERSION = YES;
				CLANG_WARN_CONSTANT_CONVERSION = YES;
				CLANG_WARN_DIRECT_OBJC_ISA_USAGE = YES_ERROR;
				CLANG_WARN_EMPTY_BODY = YES;
				CLANG_WARN_ENUM_CONVERSION = YES;
				CLANG_WARN_INT_CONVERSION = YES;
				CLANG_WARN_OBJC_ROOT_CLASS = YES_ERROR;
				CLANG_WARN_UNREACHABLE_CODE = YES;
				CLANG_WARN__DUPLICATE_METHOD_MATCH = YES;
				COPY_PHASE_STRIP = NO;
				ENABLE_STRICT_OBJC_MSGSEND = YES;
				GCC_C_LANGUAGE_STANDARD = gnu99;
				GCC_DYNAMIC_NO_PIC = NO;
				GCC_OPTIMIZATION_LEVEL = 0;
				GCC_PREPROCESSOR_DEFINITIONS = (
					"DEBUG=1",
					"$(inherited)",
				);
				GCC_SYMBOLS_PRIVATE_EXTERN = NO;
				GCC_WARN_64_TO_32_BIT_CONVERSION = YES;
				GCC_WARN_ABOUT_RETURN_TYPE = YES_ERROR;
				GCC_WARN_UNDECLARED_SELECTOR = YES;
				GCC_WARN_UNINITIALIZED_AUTOS = YES_AGGRESSIVE;
				GCC_WARN_UNUSED_FUNCTION = YES;
				GCC_WARN_UNUSED_VARIABLE = YES;
				MACOSX_DEPLOYMENT_TARGET = 10.10;
				MTL_ENABLE_DEBUG_INFO = YES;
				ONLY_ACTIVE_ARCH = YES;
				SDKROOT = macosx;
			};
			name = Debug;
		};
		ECE670CE1AB25859004DE8DA /* Release */ = {
			isa = XCBuildConfiguration;
			buildSettings = {
				ALWAYS_SEARCH_USER_PATHS = NO;
				CLANG_CXX_LANGUAGE_STANDARD = "gnu++0x";
				CLANG_CXX_LIBRARY = "libc++";
				CLANG_ENABLE_MODULES = YES;
				CLANG_ENABLE_OBJC_ARC = YES;
				CLANG_WARN_BOOL_CONVERSION = YES;
				CLANG_WARN_CONSTANT_CONVERSION = YES;
				CLANG_WARN_DIRECT_OBJC_ISA_USAGE = YES_ERROR;
				CLANG_WARN_EMPTY_BODY = YES;
				CLANG_WARN_ENUM_CONVERSION = YES;
				CLANG_WARN_INT_CONVERSION = YES;
				CLANG_WARN_OBJC_ROOT_CLASS = YES_ERROR;
				CLANG_WARN_UNREACHABLE_CODE = YES;
				CLANG_WARN__DUPLICATE_METHOD_MATCH = YES;
				COPY_PHASE_STRIP = NO;
				DEBUG_INFORMATION_FORMAT = "dwarf-with-dsym";
				ENABLE_NS_ASSERTIONS = NO;
				ENABLE_STRICT_OBJC_MSGSEND = YES;
				GCC_C_LANGUAGE_STANDARD = gnu99;
				GCC_WARN_64_TO_32_BIT_CONVERSION = YES;
				GCC_WARN_ABOUT_RETURN_TYPE = YES_ERROR;
				GCC_WARN_UNDECLARED_SELECTOR = YES;
				GCC_WARN_UNINITIALIZED_AUTOS = YES_AGGRESSIVE;
				GCC_WARN_UNUSED_FUNCTION = YES;
				GCC_WARN_UNUSED_VARIABLE = YES;
				MACOSX_DEPLOYMENT_TARGET = 10.10;
				MTL_ENABLE_DEBUG_INFO = NO;
				SDKROOT = macosx;
			};
			name = Release;
		};
		ECE670D01AB25859004DE8DA /* Debug */ = {
			isa = XCBuildConfiguration;
			buildSettings = {
				PRODUCT_NAME = "$(TARGET_NAME)";
			};
			name = Debug;
		};
		ECE670D11AB25859004DE8DA /* Release */ = {
			isa = XCBuildConfiguration;
			buildSettings = {
				PRODUCT_NAME = "$(TARGET_NAME)";
			};
			name = Release;
		};
/* End XCBuildConfiguration section */

/* Begin XCConfigurationList section */
		ECE670C31AB25859004DE8DA /* Build configuration list for PBXProject "Assignment06" */ = {
			isa = XCConfigurationList;
			buildConfigurations = (
				ECE670CD1AB25859004DE8DA /* Debug */,
				ECE670CE1AB25859004DE8DA /* Release */,
			);
			defaultConfigurationIsVisible = 0;
			defaultConfigurationName = Release;
		};
		ECE670CF1AB25859004DE8DA /* Build configuration list for PBXNativeTarget "Assignment06" */ = {
			isa = XCConfigurationList;
			buildConfigurations = (
				ECE670D01AB25859004DE8DA /* Debug */,
				ECE670D11AB25859004DE8DA /* Release */,
			);
			defaultConfigurationIsVisible = 0;
		};
/* End XCConfigurationList section */
	};
	rootObject = ECE670C01AB25859004DE8DA /* Project object */;
}
